// !$*UTF8*$!
{
	archiveVersion = 1;
	classes = {
	};
	objectVersion = 55;
	objects = {

/* Begin PBXBuildFile section */
		054DACD428CAFF7300B06F85 /* profilePage.swift in Sources */ = {isa = PBXBuildFile; fileRef = 054DACD328CAFF7300B06F85 /* profilePage.swift */; };
		171CC12028C95D9F00073FA3 /* NewPasswordView.swift in Sources */ = {isa = PBXBuildFile; fileRef = 171CC11F28C95D9F00073FA3 /* NewPasswordView.swift */; };
		17236AEE28C8809200FF08B9 /* GoogleService-Info.plist in Resources */ = {isa = PBXBuildFile; fileRef = 17236AED28C8809200FF08B9 /* GoogleService-Info.plist */; };
		17236AF028C880BC00FF08B9 /* UserModel.swift in Sources */ = {isa = PBXBuildFile; fileRef = 17236AEF28C880BC00FF08B9 /* UserModel.swift */; };
		17236AF828C885C500FF08B9 /* UserViewModel.swift in Sources */ = {isa = PBXBuildFile; fileRef = 17236AF728C885C300FF08B9 /* UserViewModel.swift */; };
		17236AFB28C8B39300FF08B9 /* PasswordGenerator.swift in Sources */ = {isa = PBXBuildFile; fileRef = 17236AFA28C8B39300FF08B9 /* PasswordGenerator.swift */; };
		1788CB8928C7457200D21A2A /* GrassRoots_SwiftUIApp.swift in Sources */ = {isa = PBXBuildFile; fileRef = 1788CB8828C7457200D21A2A /* GrassRoots_SwiftUIApp.swift */; };
		1788CB8D28C7457900D21A2A /* Assets.xcassets in Resources */ = {isa = PBXBuildFile; fileRef = 1788CB8C28C7457900D21A2A /* Assets.xcassets */; };
		1788CB9028C7457900D21A2A /* Preview Assets.xcassets in Resources */ = {isa = PBXBuildFile; fileRef = 1788CB8F28C7457900D21A2A /* Preview Assets.xcassets */; };
		1788CB9A28C755E800D21A2A /* Navigation.swift in Sources */ = {isa = PBXBuildFile; fileRef = 1788CB9928C755E800D21A2A /* Navigation.swift */; };
		1788CB9C28C7573A00D21A2A /* LoginView.swift in Sources */ = {isa = PBXBuildFile; fileRef = 1788CB9B28C7573A00D21A2A /* LoginView.swift */; };
		1788CB9F28C7582100D21A2A /* VolunteerHomePageView.swift in Sources */ = {isa = PBXBuildFile; fileRef = 1788CB9E28C7582100D21A2A /* VolunteerHomePageView.swift */; };
		1788CBA228C7612300D21A2A /* ColourConstants.swift in Sources */ = {isa = PBXBuildFile; fileRef = 1788CBA128C7612200D21A2A /* ColourConstants.swift */; };
		17985EFE28C968D600B851E2 /* AdminHomePageView.swift in Sources */ = {isa = PBXBuildFile; fileRef = 17985EFD28C968D500B851E2 /* AdminHomePageView.swift */; };
		17985F0028C96E6600B851E2 /* ReportModel.swift in Sources */ = {isa = PBXBuildFile; fileRef = 17985EFF28C96E6600B851E2 /* ReportModel.swift */; };
		BD50FCB428CAEA0500FC2CF1 /* HouseVisits.swift in Sources */ = {isa = PBXBuildFile; fileRef = BD50FCB328CAEA0500FC2CF1 /* HouseVisits.swift */; };
/* End PBXBuildFile section */

/* Begin PBXFileReference section */
		054DACD328CAFF7300B06F85 /* profilePage.swift */ = {isa = PBXFileReference; lastKnownFileType = sourcecode.swift; path = profilePage.swift; sourceTree = "<group>"; };
		171CC11F28C95D9F00073FA3 /* NewPasswordView.swift */ = {isa = PBXFileReference; lastKnownFileType = sourcecode.swift; path = NewPasswordView.swift; sourceTree = "<group>"; };
		17236AED28C8809200FF08B9 /* GoogleService-Info.plist */ = {isa = PBXFileReference; fileEncoding = 4; lastKnownFileType = text.plist.xml; path = "GoogleService-Info.plist"; sourceTree = "<group>"; };
		17236AEF28C880BC00FF08B9 /* UserModel.swift */ = {isa = PBXFileReference; lastKnownFileType = sourcecode.swift; path = UserModel.swift; sourceTree = "<group>"; };
		17236AF728C885C300FF08B9 /* UserViewModel.swift */ = {isa = PBXFileReference; lastKnownFileType = sourcecode.swift; path = UserViewModel.swift; sourceTree = "<group>"; };
		17236AFA28C8B39300FF08B9 /* PasswordGenerator.swift */ = {isa = PBXFileReference; lastKnownFileType = sourcecode.swift; path = PasswordGenerator.swift; sourceTree = "<group>"; };
		1788CB8528C7457200D21A2A /* GrassRoots-SwiftUI.app */ = {isa = PBXFileReference; explicitFileType = wrapper.application; includeInIndex = 0; path = "GrassRoots-SwiftUI.app"; sourceTree = BUILT_PRODUCTS_DIR; };
		1788CB8828C7457200D21A2A /* GrassRoots_SwiftUIApp.swift */ = {isa = PBXFileReference; lastKnownFileType = sourcecode.swift; path = GrassRoots_SwiftUIApp.swift; sourceTree = "<group>"; };
		1788CB8C28C7457900D21A2A /* Assets.xcassets */ = {isa = PBXFileReference; lastKnownFileType = folder.assetcatalog; path = Assets.xcassets; sourceTree = "<group>"; };
		1788CB8F28C7457900D21A2A /* Preview Assets.xcassets */ = {isa = PBXFileReference; lastKnownFileType = folder.assetcatalog; path = "Preview Assets.xcassets"; sourceTree = "<group>"; };
		1788CB9928C755E800D21A2A /* Navigation.swift */ = {isa = PBXFileReference; fileEncoding = 4; lastKnownFileType = sourcecode.swift; path = Navigation.swift; sourceTree = "<group>"; };
		1788CB9B28C7573A00D21A2A /* LoginView.swift */ = {isa = PBXFileReference; lastKnownFileType = sourcecode.swift; path = LoginView.swift; sourceTree = "<group>"; };
		1788CB9E28C7582100D21A2A /* VolunteerHomePageView.swift */ = {isa = PBXFileReference; lastKnownFileType = sourcecode.swift; path = VolunteerHomePageView.swift; sourceTree = "<group>"; };
		1788CBA128C7612200D21A2A /* ColourConstants.swift */ = {isa = PBXFileReference; lastKnownFileType = sourcecode.swift; path = ColourConstants.swift; sourceTree = "<group>"; };
		17985EFD28C968D500B851E2 /* AdminHomePageView.swift */ = {isa = PBXFileReference; lastKnownFileType = sourcecode.swift; path = AdminHomePageView.swift; sourceTree = "<group>"; };
		17985EFF28C96E6600B851E2 /* ReportModel.swift */ = {isa = PBXFileReference; lastKnownFileType = sourcecode.swift; path = ReportModel.swift; sourceTree = "<group>"; };
		BD50FCB328CAEA0500FC2CF1 /* HouseVisits.swift */ = {isa = PBXFileReference; lastKnownFileType = sourcecode.swift; path = HouseVisits.swift; sourceTree = "<group>"; };
/* End PBXFileReference section */

/* Begin PBXFrameworksBuildPhase section */
		1788CB8228C7457200D21A2A /* Frameworks */ = {
			isa = PBXFrameworksBuildPhase;
			buildActionMask = 2147483647;
			files = (
			);
			runOnlyForDeploymentPostprocessing = 0;
		};
/* End PBXFrameworksBuildPhase section */

/* Begin PBXGroup section */
		171CC11E28C95D5200073FA3 /* Admin */ = {
			isa = PBXGroup;
			children = (
				17985EFD28C968D500B851E2 /* AdminHomePageView.swift */,
			);
			path = Admin;
			sourceTree = "<group>";
		};
		17236AF128C880C200FF08B9 /* Models */ = {
			isa = PBXGroup;
			children = (
				17236AEF28C880BC00FF08B9 /* UserModel.swift */,
				17236AF728C885C300FF08B9 /* UserViewModel.swift */,
				17985EFF28C96E6600B851E2 /* ReportModel.swift */,
			);
			path = Models;
			sourceTree = "<group>";
		};
		1788CB7C28C7457200D21A2A = {
			isa = PBXGroup;
			children = (
				17236AED28C8809200FF08B9 /* GoogleService-Info.plist */,
				1788CB8728C7457200D21A2A /* GrassRoots-SwiftUI */,
				1788CB8628C7457200D21A2A /* Products */,
			);
			sourceTree = "<group>";
		};
		1788CB8628C7457200D21A2A /* Products */ = {
			isa = PBXGroup;
			children = (
				1788CB8528C7457200D21A2A /* GrassRoots-SwiftUI.app */,
			);
			name = Products;
			sourceTree = "<group>";
		};
		1788CB8728C7457200D21A2A /* GrassRoots-SwiftUI */ = {
			isa = PBXGroup;
			children = (
				171CC11E28C95D5200073FA3 /* Admin */,
				1788CB9D28C7581300D21A2A /* Volunteer */,
				1788CB9628C74BC200D21A2A /* Utilities */,
				1788CB8828C7457200D21A2A /* GrassRoots_SwiftUIApp.swift */,
				1788CB9B28C7573A00D21A2A /* LoginView.swift */,
				171CC11F28C95D9F00073FA3 /* NewPasswordView.swift */,
				BD50FCB328CAEA0500FC2CF1 /* HouseVisits.swift */,
				1788CB8C28C7457900D21A2A /* Assets.xcassets */,
				1788CB8E28C7457900D21A2A /* Preview Content */,
				17236AF128C880C200FF08B9 /* Models */,
			);
			path = "GrassRoots-SwiftUI";
			sourceTree = "<group>";
		};
		1788CB8E28C7457900D21A2A /* Preview Content */ = {
			isa = PBXGroup;
			children = (
				1788CB8F28C7457900D21A2A /* Preview Assets.xcassets */,
			);
			path = "Preview Content";
			sourceTree = "<group>";
		};
		1788CB9628C74BC200D21A2A /* Utilities */ = {
			isa = PBXGroup;
			children = (
				1788CB9928C755E800D21A2A /* Navigation.swift */,
				1788CBA128C7612200D21A2A /* ColourConstants.swift */,
				17236AFA28C8B39300FF08B9 /* PasswordGenerator.swift */,
			);
			path = Utilities;
			sourceTree = "<group>";
		};
		1788CB9D28C7581300D21A2A /* Volunteer */ = {
			isa = PBXGroup;
			children = (
				1788CB9E28C7582100D21A2A /* VolunteerHomePageView.swift */,
				054DACD328CAFF7300B06F85 /* profilePage.swift */,
			);
			path = Volunteer;
			sourceTree = "<group>";
		};
/* End PBXGroup section */

/* Begin PBXNativeTarget section */
		1788CB8428C7457200D21A2A /* GrassRoots-SwiftUI */ = {
			isa = PBXNativeTarget;
			buildConfigurationList = 1788CB9328C7457900D21A2A /* Build configuration list for PBXNativeTarget "GrassRoots-SwiftUI" */;
			buildPhases = (
				1788CB8128C7457200D21A2A /* Sources */,
				1788CB8228C7457200D21A2A /* Frameworks */,
				1788CB8328C7457200D21A2A /* Resources */,
			);
			buildRules = (
			);
			dependencies = (
			);
			name = "GrassRoots-SwiftUI";
			packageProductDependencies = (
			);
			productName = "GrassRoots-SwiftUI";
			productReference = 1788CB8528C7457200D21A2A /* GrassRoots-SwiftUI.app */;
			productType = "com.apple.product-type.application";
		};
/* End PBXNativeTarget section */

/* Begin PBXProject section */
		1788CB7D28C7457200D21A2A /* Project object */ = {
			isa = PBXProject;
			attributes = {
				BuildIndependentTargetsInParallel = 1;
				LastSwiftUpdateCheck = 1340;
				LastUpgradeCheck = 1340;
				TargetAttributes = {
					1788CB8428C7457200D21A2A = {
						CreatedOnToolsVersion = 13.4.1;
					};
				};
			};
			buildConfigurationList = 1788CB8028C7457200D21A2A /* Build configuration list for PBXProject "GrassRoots-SwiftUI" */;
			compatibilityVersion = "Xcode 13.0";
			developmentRegion = en;
			hasScannedForEncodings = 0;
			knownRegions = (
				en,
				Base,
			);
			mainGroup = 1788CB7C28C7457200D21A2A;
			packageReferences = (
				BD50FCAE28CAE61000FC2CF1 /* XCRemoteSwiftPackageReference "firebase-ios-sdk" */,
			);
			productRefGroup = 1788CB8628C7457200D21A2A /* Products */;
			projectDirPath = "";
			projectRoot = "";
			targets = (
				1788CB8428C7457200D21A2A /* GrassRoots-SwiftUI */,
			);
		};
/* End PBXProject section */

/* Begin PBXResourcesBuildPhase section */
		1788CB8328C7457200D21A2A /* Resources */ = {
			isa = PBXResourcesBuildPhase;
			buildActionMask = 2147483647;
			files = (
				1788CB9028C7457900D21A2A /* Preview Assets.xcassets in Resources */,
				17236AEE28C8809200FF08B9 /* GoogleService-Info.plist in Resources */,
				1788CB8D28C7457900D21A2A /* Assets.xcassets in Resources */,
			);
			runOnlyForDeploymentPostprocessing = 0;
		};
/* End PBXResourcesBuildPhase section */

/* Begin PBXSourcesBuildPhase section */
		1788CB8128C7457200D21A2A /* Sources */ = {
			isa = PBXSourcesBuildPhase;
			buildActionMask = 2147483647;
			files = (
				171CC12028C95D9F00073FA3 /* NewPasswordView.swift in Sources */,
				1788CB9C28C7573A00D21A2A /* LoginView.swift in Sources */,
				1788CB9A28C755E800D21A2A /* Navigation.swift in Sources */,
				1788CBA228C7612300D21A2A /* ColourConstants.swift in Sources */,
				1788CB8928C7457200D21A2A /* GrassRoots_SwiftUIApp.swift in Sources */,
				17236AFB28C8B39300FF08B9 /* PasswordGenerator.swift in Sources */,
				17236AF028C880BC00FF08B9 /* UserModel.swift in Sources */,
				17985F0028C96E6600B851E2 /* ReportModel.swift in Sources */,
				17236AF828C885C500FF08B9 /* UserViewModel.swift in Sources */,
				17985EFE28C968D600B851E2 /* AdminHomePageView.swift in Sources */,
				BD50FCB428CAEA0500FC2CF1 /* HouseVisits.swift in Sources */,
				054DACD428CAFF7300B06F85 /* profilePage.swift in Sources */,
				1788CB9F28C7582100D21A2A /* VolunteerHomePageView.swift in Sources */,
			);
			runOnlyForDeploymentPostprocessing = 0;
		};
/* End PBXSourcesBuildPhase section */

/* Begin XCBuildConfiguration section */
		1788CB9128C7457900D21A2A /* Debug */ = {
			isa = XCBuildConfiguration;
			buildSettings = {
				ALWAYS_SEARCH_USER_PATHS = NO;
				CLANG_ANALYZER_NONNULL = YES;
				CLANG_ANALYZER_NUMBER_OBJECT_CONVERSION = YES_AGGRESSIVE;
				CLANG_CXX_LANGUAGE_STANDARD = "gnu++17";
				CLANG_ENABLE_MODULES = YES;
				CLANG_ENABLE_OBJC_ARC = YES;
				CLANG_ENABLE_OBJC_WEAK = YES;
				CLANG_WARN_BLOCK_CAPTURE_AUTORELEASING = YES;
				CLANG_WARN_BOOL_CONVERSION = YES;
				CLANG_WARN_COMMA = YES;
				CLANG_WARN_CONSTANT_CONVERSION = YES;
				CLANG_WARN_DEPRECATED_OBJC_IMPLEMENTATIONS = YES;
				CLANG_WARN_DIRECT_OBJC_ISA_USAGE = YES_ERROR;
				CLANG_WARN_DOCUMENTATION_COMMENTS = YES;
				CLANG_WARN_EMPTY_BODY = YES;
				CLANG_WARN_ENUM_CONVERSION = YES;
				CLANG_WARN_INFINITE_RECURSION = YES;
				CLANG_WARN_INT_CONVERSION = YES;
				CLANG_WARN_NON_LITERAL_NULL_CONVERSION = YES;
				CLANG_WARN_OBJC_IMPLICIT_RETAIN_SELF = YES;
				CLANG_WARN_OBJC_LITERAL_CONVERSION = YES;
				CLANG_WARN_OBJC_ROOT_CLASS = YES_ERROR;
				CLANG_WARN_QUOTED_INCLUDE_IN_FRAMEWORK_HEADER = YES;
				CLANG_WARN_RANGE_LOOP_ANALYSIS = YES;
				CLANG_WARN_STRICT_PROTOTYPES = YES;
				CLANG_WARN_SUSPICIOUS_MOVE = YES;
				CLANG_WARN_UNGUARDED_AVAILABILITY = YES_AGGRESSIVE;
				CLANG_WARN_UNREACHABLE_CODE = YES;
				CLANG_WARN__DUPLICATE_METHOD_MATCH = YES;
				COPY_PHASE_STRIP = NO;
				DEBUG_INFORMATION_FORMAT = dwarf;
				ENABLE_STRICT_OBJC_MSGSEND = YES;
				ENABLE_TESTABILITY = YES;
				GCC_C_LANGUAGE_STANDARD = gnu11;
				GCC_DYNAMIC_NO_PIC = NO;
				GCC_NO_COMMON_BLOCKS = YES;
				GCC_OPTIMIZATION_LEVEL = 0;
				GCC_PREPROCESSOR_DEFINITIONS = (
					"DEBUG=1",
					"$(inherited)",
				);
				GCC_WARN_64_TO_32_BIT_CONVERSION = YES;
				GCC_WARN_ABOUT_RETURN_TYPE = YES_ERROR;
				GCC_WARN_UNDECLARED_SELECTOR = YES;
				GCC_WARN_UNINITIALIZED_AUTOS = YES_AGGRESSIVE;
				GCC_WARN_UNUSED_FUNCTION = YES;
				GCC_WARN_UNUSED_VARIABLE = YES;
				IPHONEOS_DEPLOYMENT_TARGET = 15.5;
				MTL_ENABLE_DEBUG_INFO = INCLUDE_SOURCE;
				MTL_FAST_MATH = YES;
				ONLY_ACTIVE_ARCH = YES;
				SDKROOT = iphoneos;
				SWIFT_ACTIVE_COMPILATION_CONDITIONS = DEBUG;
				SWIFT_OPTIMIZATION_LEVEL = "-Onone";
			};
			name = Debug;
		};
		1788CB9228C7457900D21A2A /* Release */ = {
			isa = XCBuildConfiguration;
			buildSettings = {
				ALWAYS_SEARCH_USER_PATHS = NO;
				CLANG_ANALYZER_NONNULL = YES;
				CLANG_ANALYZER_NUMBER_OBJECT_CONVERSION = YES_AGGRESSIVE;
				CLANG_CXX_LANGUAGE_STANDARD = "gnu++17";
				CLANG_ENABLE_MODULES = YES;
				CLANG_ENABLE_OBJC_ARC = YES;
				CLANG_ENABLE_OBJC_WEAK = YES;
				CLANG_WARN_BLOCK_CAPTURE_AUTORELEASING = YES;
				CLANG_WARN_BOOL_CONVERSION = YES;
				CLANG_WARN_COMMA = YES;
				CLANG_WARN_CONSTANT_CONVERSION = YES;
				CLANG_WARN_DEPRECATED_OBJC_IMPLEMENTATIONS = YES;
				CLANG_WARN_DIRECT_OBJC_ISA_USAGE = YES_ERROR;
				CLANG_WARN_DOCUMENTATION_COMMENTS = YES;
				CLANG_WARN_EMPTY_BODY = YES;
				CLANG_WARN_ENUM_CONVERSION = YES;
				CLANG_WARN_INFINITE_RECURSION = YES;
				CLANG_WARN_INT_CONVERSION = YES;
				CLANG_WARN_NON_LITERAL_NULL_CONVERSION = YES;
				CLANG_WARN_OBJC_IMPLICIT_RETAIN_SELF = YES;
				CLANG_WARN_OBJC_LITERAL_CONVERSION = YES;
				CLANG_WARN_OBJC_ROOT_CLASS = YES_ERROR;
				CLANG_WARN_QUOTED_INCLUDE_IN_FRAMEWORK_HEADER = YES;
				CLANG_WARN_RANGE_LOOP_ANALYSIS = YES;
				CLANG_WARN_STRICT_PROTOTYPES = YES;
				CLANG_WARN_SUSPICIOUS_MOVE = YES;
				CLANG_WARN_UNGUARDED_AVAILABILITY = YES_AGGRESSIVE;
				CLANG_WARN_UNREACHABLE_CODE = YES;
				CLANG_WARN__DUPLICATE_METHOD_MATCH = YES;
				COPY_PHASE_STRIP = NO;
				DEBUG_INFORMATION_FORMAT = "dwarf-with-dsym";
				ENABLE_NS_ASSERTIONS = NO;
				ENABLE_STRICT_OBJC_MSGSEND = YES;
				GCC_C_LANGUAGE_STANDARD = gnu11;
				GCC_NO_COMMON_BLOCKS = YES;
				GCC_WARN_64_TO_32_BIT_CONVERSION = YES;
				GCC_WARN_ABOUT_RETURN_TYPE = YES_ERROR;
				GCC_WARN_UNDECLARED_SELECTOR = YES;
				GCC_WARN_UNINITIALIZED_AUTOS = YES_AGGRESSIVE;
				GCC_WARN_UNUSED_FUNCTION = YES;
				GCC_WARN_UNUSED_VARIABLE = YES;
				IPHONEOS_DEPLOYMENT_TARGET = 15.5;
				MTL_ENABLE_DEBUG_INFO = NO;
				MTL_FAST_MATH = YES;
				SDKROOT = iphoneos;
				SWIFT_COMPILATION_MODE = wholemodule;
				SWIFT_OPTIMIZATION_LEVEL = "-O";
				VALIDATE_PRODUCT = YES;
			};
			name = Release;
		};
		1788CB9428C7457900D21A2A /* Debug */ = {
			isa = XCBuildConfiguration;
			buildSettings = {
				ASSETCATALOG_COMPILER_APPICON_NAME = AppIcon;
				ASSETCATALOG_COMPILER_GLOBAL_ACCENT_COLOR_NAME = AccentColor;
				CODE_SIGN_STYLE = Automatic;
				CURRENT_PROJECT_VERSION = 1;
				DEVELOPMENT_ASSET_PATHS = "\"GrassRoots-SwiftUI/Preview Content\"";
				DEVELOPMENT_TEAM = MV3GDKZD3H;
				ENABLE_PREVIEWS = YES;
				GENERATE_INFOPLIST_FILE = YES;
				INFOPLIST_KEY_UIApplicationSceneManifest_Generation = YES;
				INFOPLIST_KEY_UIApplicationSupportsIndirectInputEvents = YES;
				INFOPLIST_KEY_UILaunchScreen_Generation = YES;
				INFOPLIST_KEY_UISupportedInterfaceOrientations_iPad = "UIInterfaceOrientationPortrait UIInterfaceOrientationPortraitUpsideDown UIInterfaceOrientationLandscapeLeft UIInterfaceOrientationLandscapeRight";
				INFOPLIST_KEY_UISupportedInterfaceOrientations_iPhone = "UIInterfaceOrientationPortrait UIInterfaceOrientationLandscapeLeft UIInterfaceOrientationLandscapeRight";
				LD_RUNPATH_SEARCH_PATHS = (
					"$(inherited)",
					"@executable_path/Frameworks",
				);
				MARKETING_VERSION = 1.0;
				PRODUCT_BUNDLE_IDENTIFIER = "nikol.GrassRoots-SwiftUI";
				PRODUCT_NAME = "$(TARGET_NAME)";
				SWIFT_EMIT_LOC_STRINGS = YES;
				SWIFT_VERSION = 5.0;
				TARGETED_DEVICE_FAMILY = "1,2";
			};
			name = Debug;
		};
		1788CB9528C7457900D21A2A /* Release */ = {
			isa = XCBuildConfiguration;
			buildSettings = {
				ASSETCATALOG_COMPILER_APPICON_NAME = AppIcon;
				ASSETCATALOG_COMPILER_GLOBAL_ACCENT_COLOR_NAME = AccentColor;
				CODE_SIGN_STYLE = Automatic;
				CURRENT_PROJECT_VERSION = 1;
				DEVELOPMENT_ASSET_PATHS = "\"GrassRoots-SwiftUI/Preview Content\"";
				DEVELOPMENT_TEAM = MV3GDKZD3H;
				ENABLE_PREVIEWS = YES;
				GENERATE_INFOPLIST_FILE = YES;
				INFOPLIST_KEY_UIApplicationSceneManifest_Generation = YES;
				INFOPLIST_KEY_UIApplicationSupportsIndirectInputEvents = YES;
				INFOPLIST_KEY_UILaunchScreen_Generation = YES;
				INFOPLIST_KEY_UISupportedInterfaceOrientations_iPad = "UIInterfaceOrientationPortrait UIInterfaceOrientationPortraitUpsideDown UIInterfaceOrientationLandscapeLeft UIInterfaceOrientationLandscapeRight";
				INFOPLIST_KEY_UISupportedInterfaceOrientations_iPhone = "UIInterfaceOrientationPortrait UIInterfaceOrientationLandscapeLeft UIInterfaceOrientationLandscapeRight";
				LD_RUNPATH_SEARCH_PATHS = (
					"$(inherited)",
					"@executable_path/Frameworks",
				);
				MARKETING_VERSION = 1.0;
				PRODUCT_BUNDLE_IDENTIFIER = "nikol.GrassRoots-SwiftUI";
				PRODUCT_NAME = "$(TARGET_NAME)";
				SWIFT_EMIT_LOC_STRINGS = YES;
				SWIFT_VERSION = 5.0;
				TARGETED_DEVICE_FAMILY = "1,2";
			};
			name = Release;
		};
/* End XCBuildConfiguration section */

/* Begin XCConfigurationList section */
		1788CB8028C7457200D21A2A /* Build configuration list for PBXProject "GrassRoots-SwiftUI" */ = {
			isa = XCConfigurationList;
			buildConfigurations = (
				1788CB9128C7457900D21A2A /* Debug */,
				1788CB9228C7457900D21A2A /* Release */,
			);
			defaultConfigurationIsVisible = 0;
			defaultConfigurationName = Release;
		};
		1788CB9328C7457900D21A2A /* Build configuration list for PBXNativeTarget "GrassRoots-SwiftUI" */ = {
			isa = XCConfigurationList;
			buildConfigurations = (
				1788CB9428C7457900D21A2A /* Debug */,
				1788CB9528C7457900D21A2A /* Release */,
			);
			defaultConfigurationIsVisible = 0;
			defaultConfigurationName = Release;
		};
/* End XCConfigurationList section */

/* Begin XCRemoteSwiftPackageReference section */
		BD50FCAE28CAE61000FC2CF1 /* XCRemoteSwiftPackageReference "firebase-ios-sdk" */ = {
			isa = XCRemoteSwiftPackageReference;
			repositoryURL = "https://github.com/firebase/firebase-ios-sdk.git";
			requirement = {
				branch = master;
				kind = branch;
			};
		};
/* End XCRemoteSwiftPackageReference section */
	};
	rootObject = 1788CB7D28C7457200D21A2A /* Project object */;
}
